// !$*UTF8*$!
{
	archiveVersion = 1;
	classes = {
	};
	objectVersion = 46;
	objects = {

/* Begin PBXBuildFile section */
		46D99D9B1D716E170077C9ED /* AppDelegate.swift in Sources */ = {isa = PBXBuildFile; fileRef = 46D99D9A1D716E170077C9ED /* AppDelegate.swift */; };
		46D99D9D1D716E170077C9ED /* ViewController.swift in Sources */ = {isa = PBXBuildFile; fileRef = 46D99D9C1D716E170077C9ED /* ViewController.swift */; };
		46D99DA01D716E170077C9ED /* Main.storyboard in Resources */ = {isa = PBXBuildFile; fileRef = 46D99D9E1D716E170077C9ED /* Main.storyboard */; };
		46D99DA31D716E170077C9ED /* worldMap.xcdatamodeld in Sources */ = {isa = PBXBuildFile; fileRef = 46D99DA11D716E170077C9ED /* worldMap.xcdatamodeld */; };
		46D99DA51D716E170077C9ED /* Assets.xcassets in Resources */ = {isa = PBXBuildFile; fileRef = 46D99DA41D716E170077C9ED /* Assets.xcassets */; };
		46D99DA81D716E170077C9ED /* LaunchScreen.storyboard in Resources */ = {isa = PBXBuildFile; fileRef = 46D99DA61D716E170077C9ED /* LaunchScreen.storyboard */; };
		46D99DB31D716E170077C9ED /* worldMapTests.swift in Sources */ = {isa = PBXBuildFile; fileRef = 46D99DB21D716E170077C9ED /* worldMapTests.swift */; };
		46D99DBE1D716E170077C9ED /* worldMapUITests.swift in Sources */ = {isa = PBXBuildFile; fileRef = 46D99DBD1D716E170077C9ED /* worldMapUITests.swift */; };
/* End PBXBuildFile section */

/* Begin PBXContainerItemProxy section */
		46D99DAF1D716E170077C9ED /* PBXContainerItemProxy */ = {
			isa = PBXContainerItemProxy;
			containerPortal = 46D99D8F1D716E170077C9ED /* Project object */;
			proxyType = 1;
			remoteGlobalIDString = 46D99D961D716E170077C9ED;
			remoteInfo = worldMap;
		};
		46D99DBA1D716E170077C9ED /* PBXContainerItemProxy */ = {
			isa = PBXContainerItemProxy;
			containerPortal = 46D99D8F1D716E170077C9ED /* Project object */;
			proxyType = 1;
			remoteGlobalIDString = 46D99D961D716E170077C9ED;
			remoteInfo = worldMap;
		};
/* End PBXContainerItemProxy section */

/* Begin PBXFileReference section */
		46D99D971D716E170077C9ED /* worldMap.app */ = {isa = PBXFileReference; explicitFileType = wrapper.application; includeInIndex = 0; path = worldMap.app; sourceTree = BUILT_PRODUCTS_DIR; };
		46D99D9A1D716E170077C9ED /* AppDelegate.swift */ = {isa = PBXFileReference; lastKnownFileType = sourcecode.swift; path = AppDelegate.swift; sourceTree = "<group>"; };
		46D99D9C1D716E170077C9ED /* ViewController.swift */ = {isa = PBXFileReference; lastKnownFileType = sourcecode.swift; path = ViewController.swift; sourceTree = "<group>"; };
		46D99D9F1D716E170077C9ED /* Base */ = {isa = PBXFileReference; lastKnownFileType = file.storyboard; name = Base; path = Base.lproj/Main.storyboard; sourceTree = "<group>"; };
		46D99DA21D716E170077C9ED /* worldMap.xcdatamodel */ = {isa = PBXFileReference; lastKnownFileType = wrapper.xcdatamodel; path = worldMap.xcdatamodel; sourceTree = "<group>"; };
		46D99DA41D716E170077C9ED /* Assets.xcassets */ = {isa = PBXFileReference; lastKnownFileType = folder.assetcatalog; path = Assets.xcassets; sourceTree = "<group>"; };
		46D99DA71D716E170077C9ED /* Base */ = {isa = PBXFileReference; lastKnownFileType = file.storyboard; name = Base; path = Base.lproj/LaunchScreen.storyboard; sourceTree = "<group>"; };
		46D99DA91D716E170077C9ED /* Info.plist */ = {isa = PBXFileReference; lastKnownFileType = text.plist.xml; path = Info.plist; sourceTree = "<group>"; };
		46D99DAE1D716E170077C9ED /* worldMapTests.xctest */ = {isa = PBXFileReference; explicitFileType = wrapper.cfbundle; includeInIndex = 0; path = worldMapTests.xctest; sourceTree = BUILT_PRODUCTS_DIR; };
		46D99DB21D716E170077C9ED /* worldMapTests.swift */ = {isa = PBXFileReference; lastKnownFileType = sourcecode.swift; path = worldMapTests.swift; sourceTree = "<group>"; };
		46D99DB41D716E170077C9ED /* Info.plist */ = {isa = PBXFileReference; lastKnownFileType = text.plist.xml; path = Info.plist; sourceTree = "<group>"; };
		46D99DB91D716E170077C9ED /* worldMapUITests.xctest */ = {isa = PBXFileReference; explicitFileType = wrapper.cfbundle; includeInIndex = 0; path = worldMapUITests.xctest; sourceTree = BUILT_PRODUCTS_DIR; };
		46D99DBD1D716E170077C9ED /* worldMapUITests.swift */ = {isa = PBXFileReference; lastKnownFileType = sourcecode.swift; path = worldMapUITests.swift; sourceTree = "<group>"; };
		46D99DBF1D716E170077C9ED /* Info.plist */ = {isa = PBXFileReference; lastKnownFileType = text.plist.xml; path = Info.plist; sourceTree = "<group>"; };
/* End PBXFileReference section */

/* Begin PBXFrameworksBuildPhase section */
		46D99D941D716E170077C9ED /* Frameworks */ = {
			isa = PBXFrameworksBuildPhase;
			buildActionMask = 2147483647;
			files = (
			);
			runOnlyForDeploymentPostprocessing = 0;
		};
		46D99DAB1D716E170077C9ED /* Frameworks */ = {
			isa = PBXFrameworksBuildPhase;
			buildActionMask = 2147483647;
			files = (
			);
			runOnlyForDeploymentPostprocessing = 0;
		};
		46D99DB61D716E170077C9ED /* Frameworks */ = {
			isa = PBXFrameworksBuildPhase;
			buildActionMask = 2147483647;
			files = (
			);
			runOnlyForDeploymentPostprocessing = 0;
		};
/* End PBXFrameworksBuildPhase section */

/* Begin PBXGroup section */
		46D99D8E1D716E170077C9ED = {
			isa = PBXGroup;
			children = (
				46D99D991D716E170077C9ED /* worldMap */,
				46D99DB11D716E170077C9ED /* worldMapTests */,
				46D99DBC1D716E170077C9ED /* worldMapUITests */,
				46D99D981D716E170077C9ED /* Products */,
			);
			sourceTree = "<group>";
		};
		46D99D981D716E170077C9ED /* Products */ = {
			isa = PBXGroup;
			children = (
				46D99D971D716E170077C9ED /* worldMap.app */,
				46D99DAE1D716E170077C9ED /* worldMapTests.xctest */,
				46D99DB91D716E170077C9ED /* worldMapUITests.xctest */,
			);
			name = Products;
			sourceTree = "<group>";
		};
		46D99D991D716E170077C9ED /* worldMap */ = {
			isa = PBXGroup;
			children = (
				46D99D9A1D716E170077C9ED /* AppDelegate.swift */,
				46D99D9C1D716E170077C9ED /* ViewController.swift */,
				46D99D9E1D716E170077C9ED /* Main.storyboard */,
				46D99DA41D716E170077C9ED /* Assets.xcassets */,
				46D99DA61D716E170077C9ED /* LaunchScreen.storyboard */,
				46D99DA91D716E170077C9ED /* Info.plist */,
				46D99DA11D716E170077C9ED /* worldMap.xcdatamodeld */,
			);
			path = worldMap;
			sourceTree = "<group>";
		};
		46D99DB11D716E170077C9ED /* worldMapTests */ = {
			isa = PBXGroup;
			children = (
				46D99DB21D716E170077C9ED /* worldMapTests.swift */,
				46D99DB41D716E170077C9ED /* Info.plist */,
			);
			path = worldMapTests;
			sourceTree = "<group>";
		};
		46D99DBC1D716E170077C9ED /* worldMapUITests */ = {
			isa = PBXGroup;
			children = (
				46D99DBD1D716E170077C9ED /* worldMapUITests.swift */,
				46D99DBF1D716E170077C9ED /* Info.plist */,
			);
			path = worldMapUITests;
			sourceTree = "<group>";
		};
/* End PBXGroup section */

/* Begin PBXNativeTarget section */
		46D99D961D716E170077C9ED /* worldMap */ = {
			isa = PBXNativeTarget;
			buildConfigurationList = 46D99DC21D716E170077C9ED /* Build configuration list for PBXNativeTarget "worldMap" */;
			buildPhases = (
				46D99D931D716E170077C9ED /* Sources */,
				46D99D941D716E170077C9ED /* Frameworks */,
				46D99D951D716E170077C9ED /* Resources */,
			);
			buildRules = (
			);
			dependencies = (
			);
			name = worldMap;
			productName = worldMap;
			productReference = 46D99D971D716E170077C9ED /* worldMap.app */;
			productType = "com.apple.product-type.application";
		};
		46D99DAD1D716E170077C9ED /* worldMapTests */ = {
			isa = PBXNativeTarget;
			buildConfigurationList = 46D99DC51D716E170077C9ED /* Build configuration list for PBXNativeTarget "worldMapTests" */;
			buildPhases = (
				46D99DAA1D716E170077C9ED /* Sources */,
				46D99DAB1D716E170077C9ED /* Frameworks */,
				46D99DAC1D716E170077C9ED /* Resources */,
			);
			buildRules = (
			);
			dependencies = (
				46D99DB01D716E170077C9ED /* PBXTargetDependency */,
			);
			name = worldMapTests;
			productName = worldMapTests;
			productReference = 46D99DAE1D716E170077C9ED /* worldMapTests.xctest */;
			productType = "com.apple.product-type.bundle.unit-test";
		};
		46D99DB81D716E170077C9ED /* worldMapUITests */ = {
			isa = PBXNativeTarget;
			buildConfigurationList = 46D99DC81D716E170077C9ED /* Build configuration list for PBXNativeTarget "worldMapUITests" */;
			buildPhases = (
				46D99DB51D716E170077C9ED /* Sources */,
				46D99DB61D716E170077C9ED /* Frameworks */,
				46D99DB71D716E170077C9ED /* Resources */,
			);
			buildRules = (
			);
			dependencies = (
				46D99DBB1D716E170077C9ED /* PBXTargetDependency */,
			);
			name = worldMapUITests;
			productName = worldMapUITests;
			productReference = 46D99DB91D716E170077C9ED /* worldMapUITests.xctest */;
			productType = "com.apple.product-type.bundle.ui-testing";
		};
/* End PBXNativeTarget section */

/* Begin PBXProject section */
		46D99D8F1D716E170077C9ED /* Project object */ = {
			isa = PBXProject;
			attributes = {
				LastSwiftUpdateCheck = 0730;
				LastUpgradeCheck = 0730;
				ORGANIZATIONNAME = awwadeto;
				TargetAttributes = {
					46D99D961D716E170077C9ED = {
						CreatedOnToolsVersion = 7.3.1;
					};
					46D99DAD1D716E170077C9ED = {
						CreatedOnToolsVersion = 7.3.1;
						TestTargetID = 46D99D961D716E170077C9ED;
					};
					46D99DB81D716E170077C9ED = {
						CreatedOnToolsVersion = 7.3.1;
						TestTargetID = 46D99D961D716E170077C9ED;
					};
				};
			};
			buildConfigurationList = 46D99D921D716E170077C9ED /* Build configuration list for PBXProject "worldMap" */;
			compatibilityVersion = "Xcode 3.2";
			developmentRegion = English;
			hasScannedForEncodings = 0;
			knownRegions = (
				en,
				Base,
			);
			mainGroup = 46D99D8E1D716E170077C9ED;
			productRefGroup = 46D99D981D716E170077C9ED /* Products */;
			projectDirPath = "";
			projectRoot = "";
			targets = (
				46D99D961D716E170077C9ED /* worldMap */,
				46D99DAD1D716E170077C9ED /* worldMapTests */,
				46D99DB81D716E170077C9ED /* worldMapUITests */,
			);
		};
/* End PBXProject section */

/* Begin PBXResourcesBuildPhase section */
		46D99D951D716E170077C9ED /* Resources */ = {
			isa = PBXResourcesBuildPhase;
			buildActionMask = 2147483647;
			files = (
				46D99DA81D716E170077C9ED /* LaunchScreen.storyboard in Resources */,
				46D99DA51D716E170077C9ED /* Assets.xcassets in Resources */,
				46D99DA01D716E170077C9ED /* Main.storyboard in Resources */,
			);
			runOnlyForDeploymentPostprocessing = 0;
		};
		46D99DAC1D716E170077C9ED /* Resources */ = {
			isa = PBXResourcesBuildPhase;
			buildActionMask = 2147483647;
			files = (
			);
			runOnlyForDeploymentPostprocessing = 0;
		};
		46D99DB71D716E170077C9ED /* Resources */ = {
			isa = PBXResourcesBuildPhase;
			buildActionMask = 2147483647;
			files = (
			);
			runOnlyForDeploymentPostprocessing = 0;
		};
/* End PBXResourcesBuildPhase section */

/* Begin PBXSourcesBuildPhase section */
		46D99D931D716E170077C9ED /* Sources */ = {
			isa = PBXSourcesBuildPhase;
			buildActionMask = 2147483647;
			files = (
				46D99D9D1D716E170077C9ED /* ViewController.swift in Sources */,
				46D99DA31D716E170077C9ED /* worldMap.xcdatamodeld in Sources */,
				46D99D9B1D716E170077C9ED /* AppDelegate.swift in Sources */,
			);
			runOnlyForDeploymentPostprocessing = 0;
		};
		46D99DAA1D716E170077C9ED /* Sources */ = {
			isa = PBXSourcesBuildPhase;
			buildActionMask = 2147483647;
			files = (
				46D99DB31D716E170077C9ED /* worldMapTests.swift in Sources */,
			);
			runOnlyForDeploymentPostprocessing = 0;
		};
		46D99DB51D716E170077C9ED /* Sources */ = {
			isa = PBXSourcesBuildPhase;
			buildActionMask = 2147483647;
			files = (
				46D99DBE1D716E170077C9ED /* worldMapUITests.swift in Sources */,
			);
			runOnlyForDeploymentPostprocessing = 0;
		};
/* End PBXSourcesBuildPhase section */

/* Begin PBXTargetDependency section */
		46D99DB01D716E170077C9ED /* PBXTargetDependency */ = {
			isa = PBXTargetDependency;
			target = 46D99D961D716E170077C9ED /* worldMap */;
			targetProxy = 46D99DAF1D716E170077C9ED /* PBXContainerItemProxy */;
		};
		46D99DBB1D716E170077C9ED /* PBXTargetDependency */ = {
			isa = PBXTargetDependency;
			target = 46D99D961D716E170077C9ED /* worldMap */;
			targetProxy = 46D99DBA1D716E170077C9ED /* PBXContainerItemProxy */;
		};
/* End PBXTargetDependency section */

/* Begin PBXVariantGroup section */
		46D99D9E1D716E170077C9ED /* Main.storyboard */ = {
			isa = PBXVariantGroup;
			children = (
				46D99D9F1D716E170077C9ED /* Base */,
			);
			name = Main.storyboard;
			sourceTree = "<group>";
		};
		46D99DA61D716E170077C9ED /* LaunchScreen.storyboard */ = {
			isa = PBXVariantGroup;
			children = (
				46D99DA71D716E170077C9ED /* Base */,
			);
			name = LaunchScreen.storyboard;
			sourceTree = "<group>";
		};
/* End PBXVariantGroup section */

/* Begin XCBuildConfiguration section */
		46D99DC01D716E170077C9ED /* Debug */ = {
			isa = XCBuildConfiguration;
			buildSettings = {
				ALWAYS_SEARCH_USER_PATHS = NO;
				CLANG_ANALYZER_NONNULL = YES;
				CLANG_CXX_LANGUAGE_STANDARD = "gnu++0x";
				CLANG_CXX_LIBRARY = "libc++";
				CLANG_ENABLE_MODULES = YES;
				CLANG_ENABLE_OBJC_ARC = YES;
				CLANG_WARN_BOOL_CONVERSION = YES;
				CLANG_WARN_CONSTANT_CONVERSION = YES;
				CLANG_WARN_DIRECT_OBJC_ISA_USAGE = YES_ERROR;
				CLANG_WARN_EMPTY_BODY = YES;
				CLANG_WARN_ENUM_CONVERSION = YES;
				CLANG_WARN_INT_CONVERSION = YES;
				CLANG_WARN_OBJC_ROOT_CLASS = YES_ERROR;
				CLANG_WARN_UNREACHABLE_CODE = YES;
				CLANG_WARN__DUPLICATE_METHOD_MATCH = YES;
				"CODE_SIGN_IDENTITY[sdk=iphoneos*]" = "iPhone Developer";
				COPY_PHASE_STRIP = NO;
				DEBUG_INFORMATION_FORMAT = dwarf;
				ENABLE_STRICT_OBJC_MSGSEND = YES;
				ENABLE_TESTABILITY = YES;
				GCC_C_LANGUAGE_STANDARD = gnu99;
				GCC_DYNAMIC_NO_PIC = NO;
				GCC_NO_COMMON_BLOCKS = YES;
				GCC_OPTIMIZATION_LEVEL = 0;
				GCC_PREPROCESSOR_DEFINITIONS = (
					"DEBUG=1",
					"$(inherited)",
				);
				GCC_WARN_64_TO_32_BIT_CONVERSION = YES;
				GCC_WARN_ABOUT_RETURN_TYPE = YES_ERROR;
				GCC_WARN_UNDECLARED_SELECTOR = YES;
				GCC_WARN_UNINITIALIZED_AUTOS = YES_AGGRESSIVE;
				GCC_WARN_UNUSED_FUNCTION = YES;
				GCC_WARN_UNUSED_VARIABLE = YES;
				IPHONEOS_DEPLOYMENT_TARGET = 9.3;
				MTL_ENABLE_DEBUG_INFO = YES;
				ONLY_ACTIVE_ARCH = YES;
				SDKROOT = iphoneos;
				SWIFT_OPTIMIZATION_LEVEL = "-Onone";
				TARGETED_DEVICE_FAMILY = "1,2";
			};
			name = Debug;
		};
		46D99DC11D716E170077C9ED /* Release */ = {
			isa = XCBuildConfiguration;
			buildSettings = {
				ALWAYS_SEARCH_USER_PATHS = NO;
				CLANG_ANALYZER_NONNULL = YES;
				CLANG_CXX_LANGUAGE_STANDARD = "gnu++0x";
				CLANG_CXX_LIBRARY = "libc++";
				CLANG_ENABLE_MODULES = YES;
				CLANG_ENABLE_OBJC_ARC = YES;
				CLANG_WARN_BOOL_CONVERSION = YES;
				CLANG_WARN_CONSTANT_CONVERSION = YES;
				CLANG_WARN_DIRECT_OBJC_ISA_USAGE = YES_ERROR;
				CLANG_WARN_EMPTY_BODY = YES;
				CLANG_WARN_ENUM_CONVERSION = YES;
				CLANG_WARN_INT_CONVERSION = YES;
				CLANG_WARN_OBJC_ROOT_CLASS = YES_ERROR;
				CLANG_WARN_UNREACHABLE_CODE = YES;
				CLANG_WARN__DUPLICATE_METHOD_MATCH = YES;
				"CODE_SIGN_IDENTITY[sdk=iphoneos*]" = "iPhone Developer";
				COPY_PHASE_STRIP = NO;
				DEBUG_INFORMATION_FORMAT = "dwarf-with-dsym";
				ENABLE_NS_ASSERTIONS = NO;
				ENABLE_STRICT_OBJC_MSGSEND = YES;
				GCC_C_LANGUAGE_STANDARD = gnu99;
				GCC_NO_COMMON_BLOCKS = YES;
				GCC_WARN_64_TO_32_BIT_CONVERSION = YES;
				GCC_WARN_ABOUT_RETURN_TYPE = YES_ERROR;
				GCC_WARN_UNDECLARED_SELECTOR = YES;
				GCC_WARN_UNINITIALIZED_AUTOS = YES_AGGRESSIVE;
				GCC_WARN_UNUSED_FUNCTION = YES;
				GCC_WARN_UNUSED_VARIABLE = YES;
				IPHONEOS_DEPLOYMENT_TARGET = 9.3;
				MTL_ENABLE_DEBUG_INFO = NO;
				SDKROOT = iphoneos;
				TARGETED_DEVICE_FAMILY = "1,2";
				VALIDATE_PRODUCT = YES;
			};
			name = Release;
		};
		46D99DC31D716E170077C9ED /* Debug */ = {
			isa = XCBuildConfiguration;
			buildSettings = {
				ASSETCATALOG_COMPILER_APPICON_NAME = AppIcon;
				INFOPLIST_FILE = worldMap/Info.plist;
				LD_RUNPATH_SEARCH_PATHS = "$(inherited) @executable_path/Frameworks";
				PRODUCT_BUNDLE_IDENTIFIER = com.awwadeto.worldMap;
				PRODUCT_NAME = "$(TARGET_NAME)";
			};
			name = Debug;
		};
		46D99DC41D716E170077C9ED /* Release */ = {
			isa = XCBuildConfiguration;
			buildSettings = {
				ASSETCATALOG_COMPILER_APPICON_NAME = AppIcon;
				INFOPLIST_FILE = worldMap/Info.plist;
				LD_RUNPATH_SEARCH_PATHS = "$(inherited) @executable_path/Frameworks";
				PRODUCT_BUNDLE_IDENTIFIER = com.awwadeto.worldMap;
				PRODUCT_NAME = "$(TARGET_NAME)";
			};
			name = Release;
		};
		46D99DC61D716E170077C9ED /* Debug */ = {
			isa = XCBuildConfiguration;
			buildSettings = {
				BUNDLE_LOADER = "$(TEST_HOST)";
				INFOPLIST_FILE = worldMapTests/Info.plist;
				LD_RUNPATH_SEARCH_PATHS = "$(inherited) @executable_path/Frameworks @loader_path/Frameworks";
				PRODUCT_BUNDLE_IDENTIFIER = com.awwadeto.worldMapTests;
				PRODUCT_NAME = "$(TARGET_NAME)";
				TEST_HOST = "$(BUILT_PRODUCTS_DIR)/worldMap.app/worldMap";
			};
			name = Debug;
		};
		46D99DC71D716E170077C9ED /* Release */ = {
			isa = XCBuildConfiguration;
			buildSettings = {
				BUNDLE_LOADER = "$(TEST_HOST)";
				INFOPLIST_FILE = worldMapTests/Info.plist;
				LD_RUNPATH_SEARCH_PATHS = "$(inherited) @executable_path/Frameworks @loader_path/Frameworks";
				PRODUCT_BUNDLE_IDENTIFIER = com.awwadeto.worldMapTests;
				PRODUCT_NAME = "$(TARGET_NAME)";
				TEST_HOST = "$(BUILT_PRODUCTS_DIR)/worldMap.app/worldMap";
			};
			name = Release;
		};
		46D99DC91D716E170077C9ED /* Debug */ = {
			isa = XCBuildConfiguration;
			buildSettings = {
				INFOPLIST_FILE = worldMapUITests/Info.plist;
				LD_RUNPATH_SEARCH_PATHS = "$(inherited) @executable_path/Frameworks @loader_path/Frameworks";
				PRODUCT_BUNDLE_IDENTIFIER = com.awwadeto.worldMapUITests;
				PRODUCT_NAME = "$(TARGET_NAME)";
				TEST_TARGET_NAME = worldMap;
			};
			name = Debug;
		};
		46D99DCA1D716E170077C9ED /* Release */ = {
			isa = XCBuildConfiguration;
			buildSettings = {
				INFOPLIST_FILE = worldMapUITests/Info.plist;
				LD_RUNPATH_SEARCH_PATHS = "$(inherited) @executable_path/Frameworks @loader_path/Frameworks";
				PRODUCT_BUNDLE_IDENTIFIER = com.awwadeto.worldMapUITests;
				PRODUCT_NAME = "$(TARGET_NAME)";
				TEST_TARGET_NAME = worldMap;
			};
			name = Release;
		};
/* End XCBuildConfiguration section */

/* Begin XCConfigurationList section */
		46D99D921D716E170077C9ED /* Build configuration list for PBXProject "worldMap" */ = {
			isa = XCConfigurationList;
			buildConfigurations = (
				46D99DC01D716E170077C9ED /* Debug */,
				46D99DC11D716E170077C9ED /* Release */,
			);
			defaultConfigurationIsVisible = 0;
			defaultConfigurationName = Release;
		};
		46D99DC21D716E170077C9ED /* Build configuration list for PBXNativeTarget "worldMap" */ = {
			isa = XCConfigurationList;
			buildConfigurations = (
				46D99DC31D716E170077C9ED /* Debug */,
				46D99DC41D716E170077C9ED /* Release */,
			);
			defaultConfigurationIsVisible = 0;
		};
		46D99DC51D716E170077C9ED /* Build configuration list for PBXNativeTarget "worldMapTests" */ = {
			isa = XCConfigurationList;
			buildConfigurations = (
				46D99DC61D716E170077C9ED /* Debug */,
				46D99DC71D716E170077C9ED /* Release */,
			);
			defaultConfigurationIsVisible = 0;
		};
		46D99DC81D716E170077C9ED /* Build configuration list for PBXNativeTarget "worldMapUITests" */ = {
			isa = XCConfigurationList;
			buildConfigurations = (
				46D99DC91D716E170077C9ED /* Debug */,
				46D99DCA1D716E170077C9ED /* Release */,
			);
			defaultConfigurationIsVisible = 0;
		};
/* End XCConfigurationList section */

/* Begin XCVersionGroup section */
		46D99DA11D716E170077C9ED /* worldMap.xcdatamodeld */ = {
			isa = XCVersionGroup;
			children = (
				46D99DA21D716E170077C9ED /* worldMap.xcdatamodel */,
			);
			currentVersion = 46D99DA21D716E170077C9ED /* worldMap.xcdatamodel */;
			path = worldMap.xcdatamodeld;
			sourceTree = "<group>";
			versionGroupType = wrapper.xcdatamodel;
		};
/* End XCVersionGroup section */
	};
	rootObject = 46D99D8F1D716E170077C9ED /* Project object */;
}
